
Microsoft Visual Studio Solution File, Format Version 12.00
# Visual Studio 15
Project("{2150E333-8FDC-42A3-9474-1A3956D46DE8}") = "Tests", "Tests", "{258E7374-1783-4FF7-B15B-7E9F36100995}"
EndProject
Project("{2150E333-8FDC-42A3-9474-1A3956D46DE8}") = "AppCode", "AppCode", "{698BB1D5-DC5B-400C-826F-D422D585D695}"
EndProject
Project("{FAE04EC0-301F-11D3-BF4B-00C04F79EFBC}") = "PhotoWall", "PhotoWall\PhotoWall.csproj", "{AB7A555D-7CB8-4031-9135-C09CA0D4D010}"
EndProject
Project("{FAE04EC0-301F-11D3-BF4B-00C04F79EFBC}") = "PhotoWall.Android", "PhotoWall.Android\PhotoWall.Android.csproj", "{C257EEC5-E3A7-4918-AF6E-2C0B97E5466C}"
EndProject
Project("{FAE04EC0-301F-11D3-BF4B-00C04F79EFBC}") = "PhotoWall.iOS", "PhotoWall.iOS\PhotoWall.iOS.csproj", "{20A5991B-5709-4D05-9A76-CEADD8AFF649}"
EndProject
Project("{FAE04EC0-301F-11D3-BF4B-00C04F79EFBC}") = "PhotoWall.UnitTesting", "PhotoWall.UnitTesting\PhotoWall.UnitTesting.csproj", "{136FE20A-CC23-486A-AA09-00E7BF321AE3}"
EndProject
Global
	GlobalSection(SolutionConfigurationPlatforms) = preSolution
		Debug|Any CPU = Debug|Any CPU
		Release|Any CPU = Release|Any CPU
		Debug|iPhoneSimulator = Debug|iPhoneSimulator
		Release|iPhoneSimulator = Release|iPhoneSimulator
		Debug|iPhone = Debug|iPhone
		Release|iPhone = Release|iPhone
		Default|Any CPU = Default|Any CPU
	EndGlobalSection
	GlobalSection(ProjectConfigurationPlatforms) = postSolution
		{AB7A555D-7CB8-4031-9135-C09CA0D4D010}.Debug|Any CPU.ActiveCfg = Debug|Any CPU
		{AB7A555D-7CB8-4031-9135-C09CA0D4D010}.Debug|Any CPU.Build.0 = Debug|Any CPU
		{AB7A555D-7CB8-4031-9135-C09CA0D4D010}.Release|Any CPU.ActiveCfg = Release|Any CPU
		{AB7A555D-7CB8-4031-9135-C09CA0D4D010}.Release|Any CPU.Build.0 = Release|Any CPU
		{AB7A555D-7CB8-4031-9135-C09CA0D4D010}.Debug|iPhoneSimulator.ActiveCfg = Debug|Any CPU
		{AB7A555D-7CB8-4031-9135-C09CA0D4D010}.Debug|iPhoneSimulator.Build.0 = Debug|Any CPU
		{AB7A555D-7CB8-4031-9135-C09CA0D4D010}.Release|iPhoneSimulator.ActiveCfg = Release|Any CPU
		{AB7A555D-7CB8-4031-9135-C09CA0D4D010}.Release|iPhoneSimulator.Build.0 = Release|Any CPU
		{AB7A555D-7CB8-4031-9135-C09CA0D4D010}.Debug|iPhone.ActiveCfg = Debug|Any CPU
		{AB7A555D-7CB8-4031-9135-C09CA0D4D010}.Debug|iPhone.Build.0 = Debug|Any CPU
		{AB7A555D-7CB8-4031-9135-C09CA0D4D010}.Release|iPhone.ActiveCfg = Release|Any CPU
		{AB7A555D-7CB8-4031-9135-C09CA0D4D010}.Release|iPhone.Build.0 = Release|Any CPU
		{AB7A555D-7CB8-4031-9135-C09CA0D4D010}.Default|Any CPU.ActiveCfg = Debug|Any CPU
		{AB7A555D-7CB8-4031-9135-C09CA0D4D010}.Default|Any CPU.Build.0 = Debug|Any CPU
		{C257EEC5-E3A7-4918-AF6E-2C0B97E5466C}.Debug|Any CPU.ActiveCfg = Debug|Any CPU
		{C257EEC5-E3A7-4918-AF6E-2C0B97E5466C}.Debug|Any CPU.Build.0 = Debug|Any CPU
		{C257EEC5-E3A7-4918-AF6E-2C0B97E5466C}.Release|Any CPU.ActiveCfg = Release|Any CPU
		{C257EEC5-E3A7-4918-AF6E-2C0B97E5466C}.Release|Any CPU.Build.0 = Release|Any CPU
		{C257EEC5-E3A7-4918-AF6E-2C0B97E5466C}.Debug|iPhoneSimulator.ActiveCfg = Debug|Any CPU
		{C257EEC5-E3A7-4918-AF6E-2C0B97E5466C}.Debug|iPhoneSimulator.Build.0 = Debug|Any CPU
		{C257EEC5-E3A7-4918-AF6E-2C0B97E5466C}.Release|iPhoneSimulator.ActiveCfg = Release|Any CPU
		{C257EEC5-E3A7-4918-AF6E-2C0B97E5466C}.Release|iPhoneSimulator.Build.0 = Release|Any CPU
		{C257EEC5-E3A7-4918-AF6E-2C0B97E5466C}.Debug|iPhone.ActiveCfg = Debug|Any CPU
		{C257EEC5-E3A7-4918-AF6E-2C0B97E5466C}.Debug|iPhone.Build.0 = Debug|Any CPU
		{C257EEC5-E3A7-4918-AF6E-2C0B97E5466C}.Release|iPhone.ActiveCfg = Release|Any CPU
		{C257EEC5-E3A7-4918-AF6E-2C0B97E5466C}.Release|iPhone.Build.0 = Release|Any CPU
		{C257EEC5-E3A7-4918-AF6E-2C0B97E5466C}.Default|Any CPU.ActiveCfg = Debug|Any CPU
		{C257EEC5-E3A7-4918-AF6E-2C0B97E5466C}.Default|Any CPU.Build.0 = Debug|Any CPU
		{20A5991B-5709-4D05-9A76-CEADD8AFF649}.Debug|Any CPU.ActiveCfg = Debug|iPhoneSimulator
		{20A5991B-5709-4D05-9A76-CEADD8AFF649}.Debug|Any CPU.Build.0 = Debug|iPhoneSimulator
		{20A5991B-5709-4D05-9A76-CEADD8AFF649}.Release|Any CPU.ActiveCfg = Release|iPhoneSimulator
		{20A5991B-5709-4D05-9A76-CEADD8AFF649}.Release|Any CPU.Build.0 = Release|iPhoneSimulator
		{20A5991B-5709-4D05-9A76-CEADD8AFF649}.Debug|iPhoneSimulator.ActiveCfg = Debug|iPhoneSimulator
		{20A5991B-5709-4D05-9A76-CEADD8AFF649}.Debug|iPhoneSimulator.Build.0 = Debug|iPhoneSimulator
		{20A5991B-5709-4D05-9A76-CEADD8AFF649}.Release|iPhoneSimulator.ActiveCfg = Release|iPhoneSimulator
		{20A5991B-5709-4D05-9A76-CEADD8AFF649}.Release|iPhoneSimulator.Build.0 = Release|iPhoneSimulator
		{20A5991B-5709-4D05-9A76-CEADD8AFF649}.Debug|iPhone.ActiveCfg = Debug|iPhone
		{20A5991B-5709-4D05-9A76-CEADD8AFF649}.Debug|iPhone.Build.0 = Debug|iPhone
		{20A5991B-5709-4D05-9A76-CEADD8AFF649}.Release|iPhone.ActiveCfg = Release|iPhone
		{20A5991B-5709-4D05-9A76-CEADD8AFF649}.Release|iPhone.Build.0 = Release|iPhone
		{20A5991B-5709-4D05-9A76-CEADD8AFF649}.Default|Any CPU.ActiveCfg = Debug|iPhoneSimulator
		{20A5991B-5709-4D05-9A76-CEADD8AFF649}.Default|Any CPU.Build.0 = Debug|iPhoneSimulator
		{136FE20A-CC23-486A-AA09-00E7BF321AE3}.Debug|Any CPU.ActiveCfg = Debug|Any CPU
		{136FE20A-CC23-486A-AA09-00E7BF321AE3}.Debug|Any CPU.Build.0 = Debug|Any CPU
		{136FE20A-CC23-486A-AA09-00E7BF321AE3}.Release|Any CPU.ActiveCfg = Release|Any CPU
		{136FE20A-CC23-486A-AA09-00E7BF321AE3}.Release|Any CPU.Build.0 = Release|Any CPU
		{136FE20A-CC23-486A-AA09-00E7BF321AE3}.Debug|iPhoneSimulator.ActiveCfg = Debug|Any CPU
		{136FE20A-CC23-486A-AA09-00E7BF321AE3}.Debug|iPhoneSimulator.Build.0 = Debug|Any CPU
		{136FE20A-CC23-486A-AA09-00E7BF321AE3}.Release|iPhoneSimulator.ActiveCfg = Release|Any CPU
		{136FE20A-CC23-486A-AA09-00E7BF321AE3}.Release|iPhoneSimulator.Build.0 = Release|Any CPU
		{136FE20A-CC23-486A-AA09-00E7BF321AE3}.Debug|iPhone.ActiveCfg = Debug|Any CPU
		{136FE20A-CC23-486A-AA09-00E7BF321AE3}.Debug|iPhone.Build.0 = Debug|Any CPU
		{136FE20A-CC23-486A-AA09-00E7BF321AE3}.Release|iPhone.ActiveCfg = Release|Any CPU
		{136FE20A-CC23-486A-AA09-00E7BF321AE3}.Release|iPhone.Build.0 = Release|Any CPU
		{136FE20A-CC23-486A-AA09-00E7BF321AE3}.Default|Any CPU.ActiveCfg = Debug|Any CPU
		{136FE20A-CC23-486A-AA09-00E7BF321AE3}.Default|Any CPU.Build.0 = Debug|Any CPU
	EndGlobalSection
	GlobalSection(NestedProjects) = preSolution
		{AB7A555D-7CB8-4031-9135-C09CA0D4D010} = {698BB1D5-DC5B-400C-826F-D422D585D695}
		{C257EEC5-E3A7-4918-AF6E-2C0B97E5466C} = {698BB1D5-DC5B-400C-826F-D422D585D695}
		{20A5991B-5709-4D05-9A76-CEADD8AFF649} = {698BB1D5-DC5B-400C-826F-D422D585D695}
		{136FE20A-CC23-486A-AA09-00E7BF321AE3} = {258E7374-1783-4FF7-B15B-7E9F36100995}
	EndGlobalSection
EndGlobal
